Microsoft Visual Studio Solution File, Format Version 12.00
# Visual Studio Version 17
VisualStudioVersion = 17.5.2.0
MinimumVisualStudioVersion = 10.0.40219.1
Project("{FAE04EC0-301F-11D3-BF4B-00C04F79EFBC}") = "Day28_FeedbackPortal", "Day28_FeedbackPortal.csproj", "{933B7645-4F11-2731-461A-2C520D2A91D7}"
EndProject
Global
	GlobalSection(SolutionConfigurationPlatforms) = preSolution
		Debug|Any CPU = Debug|Any CPU
		Release|Any CPU = Release|Any CPU
	EndGlobalSection
	GlobalSection(ProjectConfigurationPlatforms) = postSolution
		{933B7645-4F11-2731-461A-2C520D2A91D7}.Debug|Any CPU.ActiveCfg = Debug|Any CPU
		{933B7645-4F11-2731-461A-2C520D2A91D7}.Debug|Any CPU.Build.0 = Debug|Any CPU
		{933B7645-4F11-2731-461A-2C520D2A91D7}.Release|Any CPU.ActiveCfg = Release|Any CPU
		{933B7645-4F11-2731-461A-2C520D2A91D7}.Release|Any CPU.Build.0 = Release|Any CPU
	EndGlobalSection
	GlobalSection(SolutionProperties) = preSolution
		HideSolutionNode = FALSE
	EndGlobalSection
	GlobalSection(ExtensibilityGlobals) = postSolution
		SolutionGuid = {D4BEEA86-5D8F-4B11-9CEC-B70B873BCB68}
	EndGlobalSection
EndGlobal
