Microsoft Visual Studio Solution File, Format Version 12.00
# Visual Studio Version 17
VisualStudioVersion = 17.5.2.0
MinimumVisualStudioVersion = 10.0.40219.1
Project("{FAE04EC0-301F-11D3-BF4B-00C04F79EFBC}") = "Day27_RazorPagesAssignment1", "Day27_RazorPagesAssignment1.csproj", "{3199FAC9-F11D-511A-EB0F-C89200037D60}"
EndProject
Global
	GlobalSection(SolutionConfigurationPlatforms) = preSolution
		Debug|Any CPU = Debug|Any CPU
		Release|Any CPU = Release|Any CPU
	EndGlobalSection
	GlobalSection(ProjectConfigurationPlatforms) = postSolution
		{3199FAC9-F11D-511A-EB0F-C89200037D60}.Debug|Any CPU.ActiveCfg = Debug|Any CPU
		{3199FAC9-F11D-511A-EB0F-C89200037D60}.Debug|Any CPU.Build.0 = Debug|Any CPU
		{3199FAC9-F11D-511A-EB0F-C89200037D60}.Release|Any CPU.ActiveCfg = Release|Any CPU
		{3199FAC9-F11D-511A-EB0F-C89200037D60}.Release|Any CPU.Build.0 = Release|Any CPU
	EndGlobalSection
	GlobalSection(SolutionProperties) = preSolution
		HideSolutionNode = FALSE
	EndGlobalSection
	GlobalSection(ExtensibilityGlobals) = postSolution
		SolutionGuid = {67414191-02B7-4F54-9AA9-1B5D54C78AEC}
	EndGlobalSection
EndGlobal
